// !$*UTF8*$!
{
	archiveVersion = 1;
	classes = {
	};
	objectVersion = 48;
	objects = {

/* Begin PBXBuildFile section */
		BC3C21AF20CD3C47006022CD /* AppDelegate.swift in Sources */ = {isa = PBXBuildFile; fileRef = BC3C21AE20CD3C47006022CD /* AppDelegate.swift */; };
		BC3C21B120CD3C47006022CD /* ViewController.swift in Sources */ = {isa = PBXBuildFile; fileRef = BC3C21B020CD3C47006022CD /* ViewController.swift */; };
		BC3C21B420CD3C47006022CD /* Main.storyboard in Resources */ = {isa = PBXBuildFile; fileRef = BC3C21B220CD3C47006022CD /* Main.storyboard */; };
		BC3C21B720CD3C47006022CD /* TimeToEat.xcdatamodeld in Sources */ = {isa = PBXBuildFile; fileRef = BC3C21B520CD3C47006022CD /* TimeToEat.xcdatamodeld */; };
		BC3C21B920CD3C48006022CD /* Assets.xcassets in Resources */ = {isa = PBXBuildFile; fileRef = BC3C21B820CD3C48006022CD /* Assets.xcassets */; };
		BC3C21BC20CD3C48006022CD /* LaunchScreen.storyboard in Resources */ = {isa = PBXBuildFile; fileRef = BC3C21BA20CD3C48006022CD /* LaunchScreen.storyboard */; };
/* End PBXBuildFile section */

/* Begin PBXFileReference section */
		BC3C21AB20CD3C47006022CD /* TimeToEat.app */ = {isa = PBXFileReference; explicitFileType = wrapper.application; includeInIndex = 0; path = TimeToEat.app; sourceTree = BUILT_PRODUCTS_DIR; };
		BC3C21AE20CD3C47006022CD /* AppDelegate.swift */ = {isa = PBXFileReference; lastKnownFileType = sourcecode.swift; path = AppDelegate.swift; sourceTree = "<group>"; };
		BC3C21B020CD3C47006022CD /* ViewController.swift */ = {isa = PBXFileReference; lastKnownFileType = sourcecode.swift; path = ViewController.swift; sourceTree = "<group>"; };
		BC3C21B320CD3C47006022CD /* Base */ = {isa = PBXFileReference; lastKnownFileType = file.storyboard; name = Base; path = Base.lproj/Main.storyboard; sourceTree = "<group>"; };
		BC3C21B620CD3C47006022CD /* TimeToEat.xcdatamodel */ = {isa = PBXFileReference; lastKnownFileType = wrapper.xcdatamodel; path = TimeToEat.xcdatamodel; sourceTree = "<group>"; };
		BC3C21B820CD3C48006022CD /* Assets.xcassets */ = {isa = PBXFileReference; lastKnownFileType = folder.assetcatalog; path = Assets.xcassets; sourceTree = "<group>"; };
		BC3C21BB20CD3C48006022CD /* Base */ = {isa = PBXFileReference; lastKnownFileType = file.storyboard; name = Base; path = Base.lproj/LaunchScreen.storyboard; sourceTree = "<group>"; };
		BC3C21BD20CD3C48006022CD /* Info.plist */ = {isa = PBXFileReference; lastKnownFileType = text.plist.xml; path = Info.plist; sourceTree = "<group>"; };
/* End PBXFileReference section */

/* Begin PBXFrameworksBuildPhase section */
		BC3C21A820CD3C47006022CD /* Frameworks */ = {
			isa = PBXFrameworksBuildPhase;
			buildActionMask = 2147483647;
			files = (
			);
			runOnlyForDeploymentPostprocessing = 0;
		};
/* End PBXFrameworksBuildPhase section */

/* Begin PBXGroup section */
		BC3C21A220CD3C47006022CD = {
			isa = PBXGroup;
			children = (
				BC3C21AD20CD3C47006022CD /* TimeToEat */,
				BC3C21AC20CD3C47006022CD /* Products */,
			);
			sourceTree = "<group>";
		};
		BC3C21AC20CD3C47006022CD /* Products */ = {
			isa = PBXGroup;
			children = (
				BC3C21AB20CD3C47006022CD /* TimeToEat.app */,
			);
			name = Products;
			sourceTree = "<group>";
		};
		BC3C21AD20CD3C47006022CD /* TimeToEat */ = {
			isa = PBXGroup;
			children = (
				BC3C21AE20CD3C47006022CD /* AppDelegate.swift */,
				BC3C21B020CD3C47006022CD /* ViewController.swift */,
				BC3C21B220CD3C47006022CD /* Main.storyboard */,
				BC3C21B820CD3C48006022CD /* Assets.xcassets */,
				BC3C21BA20CD3C48006022CD /* LaunchScreen.storyboard */,
				BC3C21BD20CD3C48006022CD /* Info.plist */,
				BC3C21B520CD3C47006022CD /* TimeToEat.xcdatamodeld */,
			);
			path = TimeToEat;
			sourceTree = "<group>";
		};
/* End PBXGroup section */

/* Begin PBXNativeTarget section */
		BC3C21AA20CD3C47006022CD /* TimeToEat */ = {
			isa = PBXNativeTarget;
			buildConfigurationList = BC3C21C020CD3C48006022CD /* Build configuration list for PBXNativeTarget "TimeToEat" */;
			buildPhases = (
				BC3C21A720CD3C47006022CD /* Sources */,
				BC3C21A820CD3C47006022CD /* Frameworks */,
				BC3C21A920CD3C47006022CD /* Resources */,
			);
			buildRules = (
			);
			dependencies = (
			);
			name = TimeToEat;
			productName = TimeToEat;
			productReference = BC3C21AB20CD3C47006022CD /* TimeToEat.app */;
			productType = "com.apple.product-type.application";
		};
/* End PBXNativeTarget section */

/* Begin PBXProject section */
		BC3C21A320CD3C47006022CD /* Project object */ = {
			isa = PBXProject;
			attributes = {
				LastSwiftUpdateCheck = 0920;
				LastUpgradeCheck = 0920;
				ORGANIZATIONNAME = "Анастасия Соколан";
				TargetAttributes = {
					BC3C21AA20CD3C47006022CD = {
						CreatedOnToolsVersion = 9.2;
						ProvisioningStyle = Automatic;
					};
				};
			};
			buildConfigurationList = BC3C21A620CD3C47006022CD /* Build configuration list for PBXProject "TimeToEat" */;
			compatibilityVersion = "Xcode 8.0";
			developmentRegion = en;
			hasScannedForEncodings = 0;
			knownRegions = (
				en,
				Base,
			);
			mainGroup = BC3C21A220CD3C47006022CD;
			productRefGroup = BC3C21AC20CD3C47006022CD /* Products */;
			projectDirPath = "";
			projectRoot = "";
			targets = (
				BC3C21AA20CD3C47006022CD /* TimeToEat */,
			);
		};
/* End PBXProject section */

/* Begin PBXResourcesBuildPhase section */
		BC3C21A920CD3C47006022CD /* Resources */ = {
			isa = PBXResourcesBuildPhase;
			buildActionMask = 2147483647;
			files = (
				BC3C21BC20CD3C48006022CD /* LaunchScreen.storyboard in Resources */,
				BC3C21B920CD3C48006022CD /* Assets.xcassets in Resources */,
				BC3C21B420CD3C47006022CD /* Main.storyboard in Resources */,
			);
			runOnlyForDeploymentPostprocessing = 0;
		};
/* End PBXResourcesBuildPhase section */

/* Begin PBXSourcesBuildPhase section */
		BC3C21A720CD3C47006022CD /* Sources */ = {
			isa = PBXSourcesBuildPhase;
			buildActionMask = 2147483647;
			files = (
				BC3C21B120CD3C47006022CD /* ViewController.swift in Sources */,
				BC3C21B720CD3C47006022CD /* TimeToEat.xcdatamodeld in Sources */,
				BC3C21AF20CD3C47006022CD /* AppDelegate.swift in Sources */,
			);
			runOnlyForDeploymentPostprocessing = 0;
		};
/* End PBXSourcesBuildPhase section */

/* Begin PBXVariantGroup section */
		BC3C21B220CD3C47006022CD /* Main.storyboard */ = {
			isa = PBXVariantGroup;
			children = (
				BC3C21B320CD3C47006022CD /* Base */,
			);
			name = Main.storyboard;
			sourceTree = "<group>";
		};
		BC3C21BA20CD3C48006022CD /* LaunchScreen.storyboard */ = {
			isa = PBXVariantGroup;
			children = (
				BC3C21BB20CD3C48006022CD /* Base */,
			);
			name = LaunchScreen.storyboard;
			sourceTree = "<group>";
		};
/* End PBXVariantGroup section */

/* Begin XCBuildConfiguration section */
		BC3C21BE20CD3C48006022CD /* Debug */ = {
			isa = XCBuildConfiguration;
			buildSettings = {
				ALWAYS_SEARCH_USER_PATHS = NO;
				CLANG_ANALYZER_NONNULL = YES;
				CLANG_ANALYZER_NUMBER_OBJECT_CONVERSION = YES_AGGRESSIVE;
				CLANG_CXX_LANGUAGE_STANDARD = "gnu++14";
				CLANG_CXX_LIBRARY = "libc++";
				CLANG_ENABLE_MODULES = YES;
				CLANG_ENABLE_OBJC_ARC = YES;
				CLANG_WARN_BLOCK_CAPTURE_AUTORELEASING = YES;
				CLANG_WARN_BOOL_CONVERSION = YES;
				CLANG_WARN_COMMA = YES;
				CLANG_WARN_CONSTANT_CONVERSION = YES;
				CLANG_WARN_DIRECT_OBJC_ISA_USAGE = YES_ERROR;
				CLANG_WARN_DOCUMENTATION_COMMENTS = YES;
				CLANG_WARN_EMPTY_BODY = YES;
				CLANG_WARN_ENUM_CONVERSION = YES;
				CLANG_WARN_INFINITE_RECURSION = YES;
				CLANG_WARN_INT_CONVERSION = YES;
				CLANG_WARN_NON_LITERAL_NULL_CONVERSION = YES;
				CLANG_WARN_OBJC_LITERAL_CONVERSION = YES;
				CLANG_WARN_OBJC_ROOT_CLASS = YES_ERROR;
				CLANG_WARN_RANGE_LOOP_ANALYSIS = YES;
				CLANG_WARN_STRICT_PROTOTYPES = YES;
				CLANG_WARN_SUSPICIOUS_MOVE = YES;
				CLANG_WARN_UNGUARDED_AVAILABILITY = YES_AGGRESSIVE;
				CLANG_WARN_UNREACHABLE_CODE = YES;
				CLANG_WARN__DUPLICATE_METHOD_MATCH = YES;
				CODE_SIGN_IDENTITY = "iPhone Developer";
				COPY_PHASE_STRIP = NO;
				DEBUG_INFORMATION_FORMAT = dwarf;
				ENABLE_STRICT_OBJC_MSGSEND = YES;
				ENABLE_TESTABILITY = YES;
				GCC_C_LANGUAGE_STANDARD = gnu11;
				GCC_DYNAMIC_NO_PIC = NO;
				GCC_NO_COMMON_BLOCKS = YES;
				GCC_OPTIMIZATION_LEVEL = 0;
				GCC_PREPROCESSOR_DEFINITIONS = (
					"DEBUG=1",
					"$(inherited)",
				);
				GCC_WARN_64_TO_32_BIT_CONVERSION = YES;
				GCC_WARN_ABOUT_RETURN_TYPE = YES_ERROR;
				GCC_WARN_UNDECLARED_SELECTOR = YES;
				GCC_WARN_UNINITIALIZED_AUTOS = YES_AGGRESSIVE;
				GCC_WARN_UNUSED_FUNCTION = YES;
				GCC_WARN_UNUSED_VARIABLE = YES;
				IPHONEOS_DEPLOYMENT_TARGET = 11.2;
				MTL_ENABLE_DEBUG_INFO = YES;
				ONLY_ACTIVE_ARCH = YES;
				SDKROOT = iphoneos;
				SWIFT_ACTIVE_COMPILATION_CONDITIONS = DEBUG;
				SWIFT_OPTIMIZATION_LEVEL = "-Onone";
			};
			name = Debug;
		};
		BC3C21BF20CD3C48006022CD /* Release */ = {
			isa = XCBuildConfiguration;
			buildSettings = {
				ALWAYS_SEARCH_USER_PATHS = NO;
				CLANG_ANALYZER_NONNULL = YES;
				CLANG_ANALYZER_NUMBER_OBJECT_CONVERSION = YES_AGGRESSIVE;
				CLANG_CXX_LANGUAGE_STANDARD = "gnu++14";
				CLANG_CXX_LIBRARY = "libc++";
				CLANG_ENABLE_MODULES = YES;
				CLANG_ENABLE_OBJC_ARC = YES;
				CLANG_WARN_BLOCK_CAPTURE_AUTORELEASING = YES;
				CLANG_WARN_BOOL_CONVERSION = YES;
				CLANG_WARN_COMMA = YES;
				CLANG_WARN_CONSTANT_CONVERSION = YES;
				CLANG_WARN_DIRECT_OBJC_ISA_USAGE = YES_ERROR;
				CLANG_WARN_DOCUMENTATION_COMMENTS = YES;
				CLANG_WARN_EMPTY_BODY = YES;
				CLANG_WARN_ENUM_CONVERSION = YES;
				CLANG_WARN_INFINITE_RECURSION = YES;
				CLANG_WARN_INT_CONVERSION = YES;
				CLANG_WARN_NON_LITERAL_NULL_CONVERSION = YES;
				CLANG_WARN_OBJC_LITERAL_CONVERSION = YES;
				CLANG_WARN_OBJC_ROOT_CLASS = YES_ERROR;
				CLANG_WARN_RANGE_LOOP_ANALYSIS = YES;
				CLANG_WARN_STRICT_PROTOTYPES = YES;
				CLANG_WARN_SUSPICIOUS_MOVE = YES;
				CLANG_WARN_UNGUARDED_AVAILABILITY = YES_AGGRESSIVE;
				CLANG_WARN_UNREACHABLE_CODE = YES;
				CLANG_WARN__DUPLICATE_METHOD_MATCH = YES;
				CODE_SIGN_IDENTITY = "iPhone Developer";
				COPY_PHASE_STRIP = NO;
				DEBUG_INFORMATION_FORMAT = "dwarf-with-dsym";
				ENABLE_NS_ASSERTIONS = NO;
				ENABLE_STRICT_OBJC_MSGSEND = YES;
				GCC_C_LANGUAGE_STANDARD = gnu11;
				GCC_NO_COMMON_BLOCKS = YES;
				GCC_WARN_64_TO_32_BIT_CONVERSION = YES;
				GCC_WARN_ABOUT_RETURN_TYPE = YES_ERROR;
				GCC_WARN_UNDECLARED_SELECTOR = YES;
				GCC_WARN_UNINITIALIZED_AUTOS = YES_AGGRESSIVE;
				GCC_WARN_UNUSED_FUNCTION = YES;
				GCC_WARN_UNUSED_VARIABLE = YES;
				IPHONEOS_DEPLOYMENT_TARGET = 11.2;
				MTL_ENABLE_DEBUG_INFO = NO;
				SDKROOT = iphoneos;
				SWIFT_OPTIMIZATION_LEVEL = "-Owholemodule";
				VALIDATE_PRODUCT = YES;
			};
			name = Release;
		};
		BC3C21C120CD3C48006022CD /* Debug */ = {
			isa = XCBuildConfiguration;
			buildSettings = {
				ASSETCATALOG_COMPILER_APPICON_NAME = AppIcon;
				CODE_SIGN_STYLE = Automatic;
				INFOPLIST_FILE = TimeToEat/Info.plist;
				LD_RUNPATH_SEARCH_PATHS = "$(inherited) @executable_path/Frameworks";
				PRODUCT_BUNDLE_IDENTIFIER = com.crazyfox.anastasiass.TimeToEat;
				PRODUCT_NAME = "$(TARGET_NAME)";
				SWIFT_VERSION = 4.0;
				TARGETED_DEVICE_FAMILY = "1,2";
			};
			name = Debug;
		};
		BC3C21C220CD3C48006022CD /* Release */ = {
			isa = XCBuildConfiguration;
			buildSettings = {
				ASSETCATALOG_COMPILER_APPICON_NAME = AppIcon;
				CODE_SIGN_STYLE = Automatic;
				INFOPLIST_FILE = TimeToEat/Info.plist;
				LD_RUNPATH_SEARCH_PATHS = "$(inherited) @executable_path/Frameworks";
				PRODUCT_BUNDLE_IDENTIFIER = com.crazyfox.anastasiass.TimeToEat;
				PRODUCT_NAME = "$(TARGET_NAME)";
				SWIFT_VERSION = 4.0;
				TARGETED_DEVICE_FAMILY = "1,2";
			};
			name = Release;
		};
/* End XCBuildConfiguration section */

/* Begin XCConfigurationList section */
		BC3C21A620CD3C47006022CD /* Build configuration list for PBXProject "TimeToEat" */ = {
			isa = XCConfigurationList;
			buildConfigurations = (
				BC3C21BE20CD3C48006022CD /* Debug */,
				BC3C21BF20CD3C48006022CD /* Release */,
			);
			defaultConfigurationIsVisible = 0;
			defaultConfigurationName = Release;
		};
		BC3C21C020CD3C48006022CD /* Build configuration list for PBXNativeTarget "TimeToEat" */ = {
			isa = XCConfigurationList;
			buildConfigurations = (
				BC3C21C120CD3C48006022CD /* Debug */,
				BC3C21C220CD3C48006022CD /* Release */,
			);
			defaultConfigurationIsVisible = 0;
			defaultConfigurationName = Release;
		};
/* End XCConfigurationList section */

/* Begin XCVersionGroup section */
		BC3C21B520CD3C47006022CD /* TimeToEat.xcdatamodeld */ = {
			isa = XCVersionGroup;
			children = (
				BC3C21B620CD3C47006022CD /* TimeToEat.xcdatamodel */,
			);
			currentVersion = BC3C21B620CD3C47006022CD /* TimeToEat.xcdatamodel */;
			path = TimeToEat.xcdatamodeld;
			sourceTree = "<group>";
			versionGroupType = wrapper.xcdatamodel;
		};
/* End XCVersionGroup section */
	};
	rootObject = BC3C21A320CD3C47006022CD /* Project object */;
}
